
Microsoft Visual Studio Solution File, Format Version 12.00
# Visual Studio Version 17
VisualStudioVersion = 17.0.31903.59
MinimumVisualStudioVersion = 10.0.40219.1
Project("{2150E333-8FDC-42A3-9474-1A3956D46DE8}") = "src", "src", "{827E0CD3-B72D-47B6-A68D-7590B98EB39B}"
EndProject
Project("{FAE04EC0-301F-11D3-BF4B-00C04F79EFBC}") = "Wandur.Core", "src\Wandur.Core\Wandur.Core.csproj", "{4389195F-D694-46AE-AA18-AAEE11A7E4B0}"
EndProject
Project("{FAE04EC0-301F-11D3-BF4B-00C04F79EFBC}") = "Wandur.Desktop", "src\Wandur.Desktop\Wandur.Desktop.csproj", "{A1F1E179-4C92-4245-8450-85EA98759002}"
EndProject
Project("{2150E333-8FDC-42A3-9474-1A3956D46DE8}") = "tests", "tests", "{0AB3BF05-4346-4AA6-1389-037BE0695223}"
EndProject
Project("{FAE04EC0-301F-11D3-BF4B-00C04F79EFBC}") = "Wandur.Core.Tests", "tests\Wandur.Core.Tests\Wandur.Core.Tests.csproj", "{878F31AB-CDFA-4489-97FB-B3AE1D3C9F6E}"
EndProject
Project("{FAE04EC0-301F-11D3-BF4B-00C04F79EFBC}") = "Wandur.Desktop.Tests", "tests\Wandur.Desktop.Tests\Wandur.Desktop.Tests.csproj", "{637BE6C3-E8DF-408B-B27F-2B58F1C6B771}"
EndProject
Project("{FAE04EC0-301F-11D3-BF4B-00C04F79EFBC}") = "Wandur.Models", "src\Wandur.Models\Wandur.Models.csproj", "{3943446B-D7FB-4B65-9D79-63FE9388621E}"
EndProject
Project("{FAE04EC0-301F-11D3-BF4B-00C04F79EFBC}") = "Wandur.Discovery.Tests", "tests\Wandur.Discovery.Tests\Wandur.Discovery.Tests.csproj", "{BB3C7479-C912-40A9-BE0B-08F86F805B06}"
EndProject
Project("{FAE04EC0-301F-11D3-BF4B-00C04F79EFBC}") = "Wandur.Discovery.Worker", "src\Wandur.Discovery.Worker\Wandur.Discovery.Worker.csproj", "{D4BFE2F1-10EB-46DA-B47B-4C6DFB056162}"
EndProject
Project("{FAE04EC0-301F-11D3-BF4B-00C04F79EFBC}") = "Wandur.Protocol", "src\Wandur.Protocol\Wandur.Protocol.csproj", "{9E095A85-1190-421F-945C-26157287086D}"
EndProject
Global
	GlobalSection(SolutionConfigurationPlatforms) = preSolution
		Debug|Any CPU = Debug|Any CPU
		Debug|x64 = Debug|x64
		Debug|x86 = Debug|x86
		Release|Any CPU = Release|Any CPU
		Release|x64 = Release|x64
		Release|x86 = Release|x86
	EndGlobalSection
	GlobalSection(ProjectConfigurationPlatforms) = postSolution
		{4389195F-D694-46AE-AA18-AAEE11A7E4B0}.Debug|Any CPU.ActiveCfg = Debug|Any CPU
		{4389195F-D694-46AE-AA18-AAEE11A7E4B0}.Debug|Any CPU.Build.0 = Debug|Any CPU
		{4389195F-D694-46AE-AA18-AAEE11A7E4B0}.Debug|x64.ActiveCfg = Debug|Any CPU
		{4389195F-D694-46AE-AA18-AAEE11A7E4B0}.Debug|x64.Build.0 = Debug|Any CPU
		{4389195F-D694-46AE-AA18-AAEE11A7E4B0}.Debug|x86.ActiveCfg = Debug|Any CPU
		{4389195F-D694-46AE-AA18-AAEE11A7E4B0}.Debug|x86.Build.0 = Debug|Any CPU
		{4389195F-D694-46AE-AA18-AAEE11A7E4B0}.Release|Any CPU.ActiveCfg = Release|Any CPU
		{4389195F-D694-46AE-AA18-AAEE11A7E4B0}.Release|Any CPU.Build.0 = Release|Any CPU
		{4389195F-D694-46AE-AA18-AAEE11A7E4B0}.Release|x64.ActiveCfg = Release|Any CPU
		{4389195F-D694-46AE-AA18-AAEE11A7E4B0}.Release|x64.Build.0 = Release|Any CPU
		{4389195F-D694-46AE-AA18-AAEE11A7E4B0}.Release|x86.ActiveCfg = Release|Any CPU
		{4389195F-D694-46AE-AA18-AAEE11A7E4B0}.Release|x86.Build.0 = Release|Any CPU
		{A1F1E179-4C92-4245-8450-85EA98759002}.Debug|Any CPU.ActiveCfg = Debug|Any CPU
		{A1F1E179-4C92-4245-8450-85EA98759002}.Debug|Any CPU.Build.0 = Debug|Any CPU
		{A1F1E179-4C92-4245-8450-85EA98759002}.Debug|x64.ActiveCfg = Debug|Any CPU
		{A1F1E179-4C92-4245-8450-85EA98759002}.Debug|x64.Build.0 = Debug|Any CPU
		{A1F1E179-4C92-4245-8450-85EA98759002}.Debug|x86.ActiveCfg = Debug|Any CPU
		{A1F1E179-4C92-4245-8450-85EA98759002}.Debug|x86.Build.0 = Debug|Any CPU
		{A1F1E179-4C92-4245-8450-85EA98759002}.Release|Any CPU.ActiveCfg = Release|Any CPU
		{A1F1E179-4C92-4245-8450-85EA98759002}.Release|Any CPU.Build.0 = Release|Any CPU
		{A1F1E179-4C92-4245-8450-85EA98759002}.Release|x64.ActiveCfg = Release|Any CPU
		{A1F1E179-4C92-4245-8450-85EA98759002}.Release|x64.Build.0 = Release|Any CPU
		{A1F1E179-4C92-4245-8450-85EA98759002}.Release|x86.ActiveCfg = Release|Any CPU
		{A1F1E179-4C92-4245-8450-85EA98759002}.Release|x86.Build.0 = Release|Any CPU
		{878F31AB-CDFA-4489-97FB-B3AE1D3C9F6E}.Debug|Any CPU.ActiveCfg = Debug|Any CPU
		{878F31AB-CDFA-4489-97FB-B3AE1D3C9F6E}.Debug|Any CPU.Build.0 = Debug|Any CPU
		{878F31AB-CDFA-4489-97FB-B3AE1D3C9F6E}.Debug|x64.ActiveCfg = Debug|Any CPU
		{878F31AB-CDFA-4489-97FB-B3AE1D3C9F6E}.Debug|x64.Build.0 = Debug|Any CPU
		{878F31AB-CDFA-4489-97FB-B3AE1D3C9F6E}.Debug|x86.ActiveCfg = Debug|Any CPU
		{878F31AB-CDFA-4489-97FB-B3AE1D3C9F6E}.Debug|x86.Build.0 = Debug|Any CPU
		{878F31AB-CDFA-4489-97FB-B3AE1D3C9F6E}.Release|Any CPU.ActiveCfg = Release|Any CPU
		{878F31AB-CDFA-4489-97FB-B3AE1D3C9F6E}.Release|Any CPU.Build.0 = Release|Any CPU
		{878F31AB-CDFA-4489-97FB-B3AE1D3C9F6E}.Release|x64.ActiveCfg = Release|Any CPU
		{878F31AB-CDFA-4489-97FB-B3AE1D3C9F6E}.Release|x64.Build.0 = Release|Any CPU
		{878F31AB-CDFA-4489-97FB-B3AE1D3C9F6E}.Release|x86.ActiveCfg = Release|Any CPU
		{878F31AB-CDFA-4489-97FB-B3AE1D3C9F6E}.Release|x86.Build.0 = Release|Any CPU
		{637BE6C3-E8DF-408B-B27F-2B58F1C6B771}.Debug|Any CPU.ActiveCfg = Debug|Any CPU
		{637BE6C3-E8DF-408B-B27F-2B58F1C6B771}.Debug|Any CPU.Build.0 = Debug|Any CPU
		{637BE6C3-E8DF-408B-B27F-2B58F1C6B771}.Debug|x64.ActiveCfg = Debug|Any CPU
		{637BE6C3-E8DF-408B-B27F-2B58F1C6B771}.Debug|x64.Build.0 = Debug|Any CPU
		{637BE6C3-E8DF-408B-B27F-2B58F1C6B771}.Debug|x86.ActiveCfg = Debug|Any CPU
		{637BE6C3-E8DF-408B-B27F-2B58F1C6B771}.Debug|x86.Build.0 = Debug|Any CPU
		{637BE6C3-E8DF-408B-B27F-2B58F1C6B771}.Release|Any CPU.ActiveCfg = Release|Any CPU
		{637BE6C3-E8DF-408B-B27F-2B58F1C6B771}.Release|Any CPU.Build.0 = Release|Any CPU
		{637BE6C3-E8DF-408B-B27F-2B58F1C6B771}.Release|x64.ActiveCfg = Release|Any CPU
		{637BE6C3-E8DF-408B-B27F-2B58F1C6B771}.Release|x64.Build.0 = Release|Any CPU
		{637BE6C3-E8DF-408B-B27F-2B58F1C6B771}.Release|x86.ActiveCfg = Release|Any CPU
		{637BE6C3-E8DF-408B-B27F-2B58F1C6B771}.Release|x86.Build.0 = Release|Any CPU
		{3943446B-D7FB-4B65-9D79-63FE9388621E}.Debug|Any CPU.ActiveCfg = Debug|Any CPU
		{3943446B-D7FB-4B65-9D79-63FE9388621E}.Debug|Any CPU.Build.0 = Debug|Any CPU
		{3943446B-D7FB-4B65-9D79-63FE9388621E}.Debug|x64.ActiveCfg = Debug|Any CPU
		{3943446B-D7FB-4B65-9D79-63FE9388621E}.Debug|x64.Build.0 = Debug|Any CPU
		{3943446B-D7FB-4B65-9D79-63FE9388621E}.Debug|x86.ActiveCfg = Debug|Any CPU
		{3943446B-D7FB-4B65-9D79-63FE9388621E}.Debug|x86.Build.0 = Debug|Any CPU
		{3943446B-D7FB-4B65-9D79-63FE9388621E}.Release|Any CPU.ActiveCfg = Release|Any CPU
		{3943446B-D7FB-4B65-9D79-63FE9388621E}.Release|Any CPU.Build.0 = Release|Any CPU
		{3943446B-D7FB-4B65-9D79-63FE9388621E}.Release|x64.ActiveCfg = Release|Any CPU
		{3943446B-D7FB-4B65-9D79-63FE9388621E}.Release|x64.Build.0 = Release|Any CPU
		{3943446B-D7FB-4B65-9D79-63FE9388621E}.Release|x86.ActiveCfg = Release|Any CPU
		{3943446B-D7FB-4B65-9D79-63FE9388621E}.Release|x86.Build.0 = Release|Any CPU
		{BB3C7479-C912-40A9-BE0B-08F86F805B06}.Debug|Any CPU.ActiveCfg = Debug|Any CPU
		{BB3C7479-C912-40A9-BE0B-08F86F805B06}.Debug|Any CPU.Build.0 = Debug|Any CPU
		{BB3C7479-C912-40A9-BE0B-08F86F805B06}.Debug|x64.ActiveCfg = Debug|Any CPU
		{BB3C7479-C912-40A9-BE0B-08F86F805B06}.Debug|x64.Build.0 = Debug|Any CPU
		{BB3C7479-C912-40A9-BE0B-08F86F805B06}.Debug|x86.ActiveCfg = Debug|Any CPU
		{BB3C7479-C912-40A9-BE0B-08F86F805B06}.Debug|x86.Build.0 = Debug|Any CPU
		{BB3C7479-C912-40A9-BE0B-08F86F805B06}.Release|Any CPU.ActiveCfg = Release|Any CPU
		{BB3C7479-C912-40A9-BE0B-08F86F805B06}.Release|Any CPU.Build.0 = Release|Any CPU
		{BB3C7479-C912-40A9-BE0B-08F86F805B06}.Release|x64.ActiveCfg = Release|Any CPU
		{BB3C7479-C912-40A9-BE0B-08F86F805B06}.Release|x64.Build.0 = Release|Any CPU
		{BB3C7479-C912-40A9-BE0B-08F86F805B06}.Release|x86.ActiveCfg = Release|Any CPU
		{BB3C7479-C912-40A9-BE0B-08F86F805B06}.Release|x86.Build.0 = Release|Any CPU
		{D4BFE2F1-10EB-46DA-B47B-4C6DFB056162}.Debug|Any CPU.ActiveCfg = Debug|Any CPU
		{D4BFE2F1-10EB-46DA-B47B-4C6DFB056162}.Debug|Any CPU.Build.0 = Debug|Any CPU
		{D4BFE2F1-10EB-46DA-B47B-4C6DFB056162}.Debug|x64.ActiveCfg = Debug|Any CPU
		{D4BFE2F1-10EB-46DA-B47B-4C6DFB056162}.Debug|x64.Build.0 = Debug|Any CPU
		{D4BFE2F1-10EB-46DA-B47B-4C6DFB056162}.Debug|x86.ActiveCfg = Debug|Any CPU
		{D4BFE2F1-10EB-46DA-B47B-4C6DFB056162}.Debug|x86.Build.0 = Debug|Any CPU
		{D4BFE2F1-10EB-46DA-B47B-4C6DFB056162}.Release|Any CPU.ActiveCfg = Release|Any CPU
		{D4BFE2F1-10EB-46DA-B47B-4C6DFB056162}.Release|Any CPU.Build.0 = Release|Any CPU
		{D4BFE2F1-10EB-46DA-B47B-4C6DFB056162}.Release|x64.ActiveCfg = Release|Any CPU
		{D4BFE2F1-10EB-46DA-B47B-4C6DFB056162}.Release|x64.Build.0 = Release|Any CPU
		{D4BFE2F1-10EB-46DA-B47B-4C6DFB056162}.Release|x86.ActiveCfg = Release|Any CPU
		{D4BFE2F1-10EB-46DA-B47B-4C6DFB056162}.Release|x86.Build.0 = Release|Any CPU
		{9E095A85-1190-421F-945C-26157287086D}.Debug|Any CPU.ActiveCfg = Debug|Any CPU
		{9E095A85-1190-421F-945C-26157287086D}.Debug|Any CPU.Build.0 = Debug|Any CPU
		{9E095A85-1190-421F-945C-26157287086D}.Debug|x64.ActiveCfg = Debug|Any CPU
		{9E095A85-1190-421F-945C-26157287086D}.Debug|x64.Build.0 = Debug|Any CPU
		{9E095A85-1190-421F-945C-26157287086D}.Debug|x86.ActiveCfg = Debug|Any CPU
		{9E095A85-1190-421F-945C-26157287086D}.Debug|x86.Build.0 = Debug|Any CPU
		{9E095A85-1190-421F-945C-26157287086D}.Release|Any CPU.ActiveCfg = Release|Any CPU
		{9E095A85-1190-421F-945C-26157287086D}.Release|Any CPU.Build.0 = Release|Any CPU
		{9E095A85-1190-421F-945C-26157287086D}.Release|x64.ActiveCfg = Release|Any CPU
		{9E095A85-1190-421F-945C-26157287086D}.Release|x64.Build.0 = Release|Any CPU
		{9E095A85-1190-421F-945C-26157287086D}.Release|x86.ActiveCfg = Release|Any CPU
		{9E095A85-1190-421F-945C-26157287086D}.Release|x86.Build.0 = Release|Any CPU
	EndGlobalSection
	GlobalSection(SolutionProperties) = preSolution
		HideSolutionNode = FALSE
	EndGlobalSection
	GlobalSection(NestedProjects) = preSolution
		{4389195F-D694-46AE-AA18-AAEE11A7E4B0} = {827E0CD3-B72D-47B6-A68D-7590B98EB39B}
		{A1F1E179-4C92-4245-8450-85EA98759002} = {827E0CD3-B72D-47B6-A68D-7590B98EB39B}
		{878F31AB-CDFA-4489-97FB-B3AE1D3C9F6E} = {0AB3BF05-4346-4AA6-1389-037BE0695223}
		{637BE6C3-E8DF-408B-B27F-2B58F1C6B771} = {0AB3BF05-4346-4AA6-1389-037BE0695223}
		{3943446B-D7FB-4B65-9D79-63FE9388621E} = {827E0CD3-B72D-47B6-A68D-7590B98EB39B}
		{BB3C7479-C912-40A9-BE0B-08F86F805B06} = {0AB3BF05-4346-4AA6-1389-037BE0695223}
		{D4BFE2F1-10EB-46DA-B47B-4C6DFB056162} = {827E0CD3-B72D-47B6-A68D-7590B98EB39B}
		{9E095A85-1190-421F-945C-26157287086D} = {827E0CD3-B72D-47B6-A68D-7590B98EB39B}
	EndGlobalSection
EndGlobal
