
Microsoft Visual Studio Solution File, Format Version 12.00
# Visual Studio Version 17
VisualStudioVersion = 17.0.31903.59
MinimumVisualStudioVersion = 10.0.40219.1
Project("{2150E333-8FDC-42A3-9474-1A3956D46DE8}") = "src", "src", "{827E0CD3-B72D-47B6-A68D-7590B98EB39B}"
EndProject
Project("{FAE04EC0-301F-11D3-BF4B-00C04F79EFBC}") = "Wandur.Core", "src\Wandur.Core\Wandur.Core.csproj", "{4389195F-D694-46AE-AA18-AAEE11A7E4B0}"
EndProject
Project("{FAE04EC0-301F-11D3-BF4B-00C04F79EFBC}") = "Wandur.Desktop", "src\Wandur.Desktop\Wandur.Desktop.csproj", "{A1F1E179-4C92-4245-8450-85EA98759002}"
EndProject
Project("{2150E333-8FDC-42A3-9474-1A3956D46DE8}") = "tests", "tests", "{0AB3BF05-4346-4AA6-1389-037BE0695223}"
EndProject
Project("{FAE04EC0-301F-11D3-BF4B-00C04F79EFBC}") = "Wandur.Core.Tests", "tests\Wandur.Core.Tests\Wandur.Core.Tests.csproj", "{878F31AB-CDFA-4489-97FB-B3AE1D3C9F6E}"
EndProject
Project("{FAE04EC0-301F-11D3-BF4B-00C04F79EFBC}") = "Wandur.Desktop.Tests", "tests\Wandur.Desktop.Tests\Wandur.Desktop.Tests.csproj", "{637BE6C3-E8DF-408B-B27F-2B58F1C6B771}"
EndProject
Project("{2150E333-8FDC-42A3-9474-1A3956D46DE8}") = "external", "external", "{A288BEE0-695A-BEEA-455C-649571D89326}"
EndProject
Project("{2150E333-8FDC-42A3-9474-1A3956D46DE8}") = "wandur-sdk", "wandur-sdk", "{19B7967E-85F8-AD5D-BBEB-51DF7E0EB7CB}"
EndProject
Project("{FAE04EC0-301F-11D3-BF4B-00C04F79EFBC}") = "Wandur.Models", "external\wandur-sdk\Wandur.Models\Wandur.Models.csproj", "{28E072DB-F18D-4CA2-877E-7FE82D5F65C5}"
EndProject
Project("{FAE04EC0-301F-11D3-BF4B-00C04F79EFBC}") = "Wandur.Protocol", "external\wandur-sdk\Wandur.Protocol\Wandur.Protocol.csproj", "{0FA0BC18-BBFE-4CDE-8ABA-1F31AB3DE402}"
EndProject
Global
	GlobalSection(SolutionConfigurationPlatforms) = preSolution
		Debug|Any CPU = Debug|Any CPU
		Debug|x64 = Debug|x64
		Debug|x86 = Debug|x86
		Release|Any CPU = Release|Any CPU
		Release|x64 = Release|x64
		Release|x86 = Release|x86
	EndGlobalSection
	GlobalSection(ProjectConfigurationPlatforms) = postSolution
		{4389195F-D694-46AE-AA18-AAEE11A7E4B0}.Debug|Any CPU.ActiveCfg = Debug|Any CPU
		{4389195F-D694-46AE-AA18-AAEE11A7E4B0}.Debug|Any CPU.Build.0 = Debug|Any CPU
		{4389195F-D694-46AE-AA18-AAEE11A7E4B0}.Debug|x64.ActiveCfg = Debug|Any CPU
		{4389195F-D694-46AE-AA18-AAEE11A7E4B0}.Debug|x64.Build.0 = Debug|Any CPU
		{4389195F-D694-46AE-AA18-AAEE11A7E4B0}.Debug|x86.ActiveCfg = Debug|Any CPU
		{4389195F-D694-46AE-AA18-AAEE11A7E4B0}.Debug|x86.Build.0 = Debug|Any CPU
		{4389195F-D694-46AE-AA18-AAEE11A7E4B0}.Release|Any CPU.ActiveCfg = Release|Any CPU
		{4389195F-D694-46AE-AA18-AAEE11A7E4B0}.Release|Any CPU.Build.0 = Release|Any CPU
		{4389195F-D694-46AE-AA18-AAEE11A7E4B0}.Release|x64.ActiveCfg = Release|Any CPU
		{4389195F-D694-46AE-AA18-AAEE11A7E4B0}.Release|x64.Build.0 = Release|Any CPU
		{4389195F-D694-46AE-AA18-AAEE11A7E4B0}.Release|x86.ActiveCfg = Release|Any CPU
		{4389195F-D694-46AE-AA18-AAEE11A7E4B0}.Release|x86.Build.0 = Release|Any CPU
		{A1F1E179-4C92-4245-8450-85EA98759002}.Debug|Any CPU.ActiveCfg = Debug|Any CPU
		{A1F1E179-4C92-4245-8450-85EA98759002}.Debug|Any CPU.Build.0 = Debug|Any CPU
		{A1F1E179-4C92-4245-8450-85EA98759002}.Debug|x64.ActiveCfg = Debug|Any CPU
		{A1F1E179-4C92-4245-8450-85EA98759002}.Debug|x64.Build.0 = Debug|Any CPU
		{A1F1E179-4C92-4245-8450-85EA98759002}.Debug|x86.ActiveCfg = Debug|Any CPU
		{A1F1E179-4C92-4245-8450-85EA98759002}.Debug|x86.Build.0 = Debug|Any CPU
		{A1F1E179-4C92-4245-8450-85EA98759002}.Release|Any CPU.ActiveCfg = Release|Any CPU
		{A1F1E179-4C92-4245-8450-85EA98759002}.Release|Any CPU.Build.0 = Release|Any CPU
		{A1F1E179-4C92-4245-8450-85EA98759002}.Release|x64.ActiveCfg = Release|Any CPU
		{A1F1E179-4C92-4245-8450-85EA98759002}.Release|x64.Build.0 = Release|Any CPU
		{A1F1E179-4C92-4245-8450-85EA98759002}.Release|x86.ActiveCfg = Release|Any CPU
		{A1F1E179-4C92-4245-8450-85EA98759002}.Release|x86.Build.0 = Release|Any CPU
		{878F31AB-CDFA-4489-97FB-B3AE1D3C9F6E}.Debug|Any CPU.ActiveCfg = Debug|Any CPU
		{878F31AB-CDFA-4489-97FB-B3AE1D3C9F6E}.Debug|Any CPU.Build.0 = Debug|Any CPU
		{878F31AB-CDFA-4489-97FB-B3AE1D3C9F6E}.Debug|x64.ActiveCfg = Debug|Any CPU
		{878F31AB-CDFA-4489-97FB-B3AE1D3C9F6E}.Debug|x64.Build.0 = Debug|Any CPU
		{878F31AB-CDFA-4489-97FB-B3AE1D3C9F6E}.Debug|x86.ActiveCfg = Debug|Any CPU
		{878F31AB-CDFA-4489-97FB-B3AE1D3C9F6E}.Debug|x86.Build.0 = Debug|Any CPU
		{878F31AB-CDFA-4489-97FB-B3AE1D3C9F6E}.Release|Any CPU.ActiveCfg = Release|Any CPU
		{878F31AB-CDFA-4489-97FB-B3AE1D3C9F6E}.Release|Any CPU.Build.0 = Release|Any CPU
		{878F31AB-CDFA-4489-97FB-B3AE1D3C9F6E}.Release|x64.ActiveCfg = Release|Any CPU
		{878F31AB-CDFA-4489-97FB-B3AE1D3C9F6E}.Release|x64.Build.0 = Release|Any CPU
		{878F31AB-CDFA-4489-97FB-B3AE1D3C9F6E}.Release|x86.ActiveCfg = Release|Any CPU
		{878F31AB-CDFA-4489-97FB-B3AE1D3C9F6E}.Release|x86.Build.0 = Release|Any CPU
		{637BE6C3-E8DF-408B-B27F-2B58F1C6B771}.Debug|Any CPU.ActiveCfg = Debug|Any CPU
		{637BE6C3-E8DF-408B-B27F-2B58F1C6B771}.Debug|Any CPU.Build.0 = Debug|Any CPU
		{637BE6C3-E8DF-408B-B27F-2B58F1C6B771}.Debug|x64.ActiveCfg = Debug|Any CPU
		{637BE6C3-E8DF-408B-B27F-2B58F1C6B771}.Debug|x64.Build.0 = Debug|Any CPU
		{637BE6C3-E8DF-408B-B27F-2B58F1C6B771}.Debug|x86.ActiveCfg = Debug|Any CPU
		{637BE6C3-E8DF-408B-B27F-2B58F1C6B771}.Debug|x86.Build.0 = Debug|Any CPU
		{637BE6C3-E8DF-408B-B27F-2B58F1C6B771}.Release|Any CPU.ActiveCfg = Release|Any CPU
		{637BE6C3-E8DF-408B-B27F-2B58F1C6B771}.Release|Any CPU.Build.0 = Release|Any CPU
		{637BE6C3-E8DF-408B-B27F-2B58F1C6B771}.Release|x64.ActiveCfg = Release|Any CPU
		{637BE6C3-E8DF-408B-B27F-2B58F1C6B771}.Release|x64.Build.0 = Release|Any CPU
		{637BE6C3-E8DF-408B-B27F-2B58F1C6B771}.Release|x86.ActiveCfg = Release|Any CPU
		{637BE6C3-E8DF-408B-B27F-2B58F1C6B771}.Release|x86.Build.0 = Release|Any CPU
		{28E072DB-F18D-4CA2-877E-7FE82D5F65C5}.Debug|Any CPU.ActiveCfg = Debug|Any CPU
		{28E072DB-F18D-4CA2-877E-7FE82D5F65C5}.Debug|Any CPU.Build.0 = Debug|Any CPU
		{28E072DB-F18D-4CA2-877E-7FE82D5F65C5}.Debug|x64.ActiveCfg = Debug|Any CPU
		{28E072DB-F18D-4CA2-877E-7FE82D5F65C5}.Debug|x64.Build.0 = Debug|Any CPU
		{28E072DB-F18D-4CA2-877E-7FE82D5F65C5}.Debug|x86.ActiveCfg = Debug|Any CPU
		{28E072DB-F18D-4CA2-877E-7FE82D5F65C5}.Debug|x86.Build.0 = Debug|Any CPU
		{28E072DB-F18D-4CA2-877E-7FE82D5F65C5}.Release|Any CPU.ActiveCfg = Release|Any CPU
		{28E072DB-F18D-4CA2-877E-7FE82D5F65C5}.Release|Any CPU.Build.0 = Release|Any CPU
		{28E072DB-F18D-4CA2-877E-7FE82D5F65C5}.Release|x64.ActiveCfg = Release|Any CPU
		{28E072DB-F18D-4CA2-877E-7FE82D5F65C5}.Release|x64.Build.0 = Release|Any CPU
		{28E072DB-F18D-4CA2-877E-7FE82D5F65C5}.Release|x86.ActiveCfg = Release|Any CPU
		{28E072DB-F18D-4CA2-877E-7FE82D5F65C5}.Release|x86.Build.0 = Release|Any CPU
		{0FA0BC18-BBFE-4CDE-8ABA-1F31AB3DE402}.Debug|Any CPU.ActiveCfg = Debug|Any CPU
		{0FA0BC18-BBFE-4CDE-8ABA-1F31AB3DE402}.Debug|Any CPU.Build.0 = Debug|Any CPU
		{0FA0BC18-BBFE-4CDE-8ABA-1F31AB3DE402}.Debug|x64.ActiveCfg = Debug|Any CPU
		{0FA0BC18-BBFE-4CDE-8ABA-1F31AB3DE402}.Debug|x64.Build.0 = Debug|Any CPU
		{0FA0BC18-BBFE-4CDE-8ABA-1F31AB3DE402}.Debug|x86.ActiveCfg = Debug|Any CPU
		{0FA0BC18-BBFE-4CDE-8ABA-1F31AB3DE402}.Debug|x86.Build.0 = Debug|Any CPU
		{0FA0BC18-BBFE-4CDE-8ABA-1F31AB3DE402}.Release|Any CPU.ActiveCfg = Release|Any CPU
		{0FA0BC18-BBFE-4CDE-8ABA-1F31AB3DE402}.Release|Any CPU.Build.0 = Release|Any CPU
		{0FA0BC18-BBFE-4CDE-8ABA-1F31AB3DE402}.Release|x64.ActiveCfg = Release|Any CPU
		{0FA0BC18-BBFE-4CDE-8ABA-1F31AB3DE402}.Release|x64.Build.0 = Release|Any CPU
		{0FA0BC18-BBFE-4CDE-8ABA-1F31AB3DE402}.Release|x86.ActiveCfg = Release|Any CPU
		{0FA0BC18-BBFE-4CDE-8ABA-1F31AB3DE402}.Release|x86.Build.0 = Release|Any CPU
	EndGlobalSection
	GlobalSection(SolutionProperties) = preSolution
		HideSolutionNode = FALSE
	EndGlobalSection
	GlobalSection(NestedProjects) = preSolution
		{4389195F-D694-46AE-AA18-AAEE11A7E4B0} = {827E0CD3-B72D-47B6-A68D-7590B98EB39B}
		{A1F1E179-4C92-4245-8450-85EA98759002} = {827E0CD3-B72D-47B6-A68D-7590B98EB39B}
		{878F31AB-CDFA-4489-97FB-B3AE1D3C9F6E} = {0AB3BF05-4346-4AA6-1389-037BE0695223}
		{637BE6C3-E8DF-408B-B27F-2B58F1C6B771} = {0AB3BF05-4346-4AA6-1389-037BE0695223}
		{19B7967E-85F8-AD5D-BBEB-51DF7E0EB7CB} = {A288BEE0-695A-BEEA-455C-649571D89326}
		{28E072DB-F18D-4CA2-877E-7FE82D5F65C5} = {19B7967E-85F8-AD5D-BBEB-51DF7E0EB7CB}
		{0FA0BC18-BBFE-4CDE-8ABA-1F31AB3DE402} = {19B7967E-85F8-AD5D-BBEB-51DF7E0EB7CB}
	EndGlobalSection
EndGlobal
