{
  "version": 1,
  "dependencies": {
    "net10.0": {
      "Avalonia.AvaloniaEdit": {
        "type": "Direct",
        "requested": "[12.0.0, )",
        "resolved": "12.0.0",
        "contentHash": "VNfaYdTbiQ2DlSkSMoLg4DhTbQmQR0cFT6nqEqLkaYGLjBWmUdv5BNIuoObK4c9cgzFqnEJXBaOp4R/bxgFKfQ==",
        "dependencies": {
          "Avalonia": "12.0.0"
        }
      },
      "Avalonia.Controls.ColorPicker": {
        "type": "Direct",
        "requested": "[12.1.2, )",
        "resolved": "12.1.2",
        "contentHash": "RqbGnsGr5Rs/nXalqiwVyw/BqOlhaDu15hPSl+KyCIUp9ih0CPQ247p7wHP1sZmrZrlMbNSMQnrNEhMRrDh9tw==",
        "dependencies": {
          "Avalonia": "12.1.2",
          "Avalonia.Remote.Protocol": "12.1.2"
        }
      },
      "Avalonia.Desktop": {
        "type": "Direct",
        "requested": "[12.1.2, )",
        "resolved": "12.1.2",
        "contentHash": "ghG7UVnLVhCyWm/74xh24gAkXgEZ41oJTUr7c0VI9BiVSqhpukvU5vm8l8ZY35BZX8VPx1YtXUI1+VbhDTOLMw==",
        "dependencies": {
          "Avalonia": "12.1.2",
          "Avalonia.HarfBuzz": "12.1.2",
          "Avalonia.Native": "12.1.2",
          "Avalonia.Skia": "12.1.2",
          "Avalonia.Win32": "12.1.2",
          "Avalonia.X11": "12.1.2"
        }
      },
      "Avalonia.Fonts.Inter": {
        "type": "Direct",
        "requested": "[12.1.2, )",
        "resolved": "12.1.2",
        "contentHash": "pFkrNWecSX3wP9kTsMyLKyP29/8T7cYywKuE+DC9HN+BstmcIx5iOi6ZZLYAK1HkNTAGjF+oQf5wpTj3gnkWXA==",
        "dependencies": {
          "Avalonia": "12.1.2"
        }
      },
      "Avalonia.Themes.Fluent": {
        "type": "Direct",
        "requested": "[12.1.2, )",
        "resolved": "12.1.2",
        "contentHash": "EKw1PzlIfqB8n0+yGuHThR9cUEiqZYj0EHYp89jrTwSuudu8pji6I4SGe1UmdwJWdgWf+kuss8T7KT+0wsUyow==",
        "dependencies": {
          "Avalonia": "12.1.2"
        }
      },
      "CommunityToolkit.Mvvm": {
        "type": "Direct",
        "requested": "[8.4.2, )",
        "resolved": "8.4.2",
        "contentHash": "WadCzGEc2U+3e20avRLng4qNtt4zoOGWrdUISqJWrHe3/FSnrYjuM5Sb4yQb09LhkBXrrI4Zt3dLKgRMbItsrg=="
      },
      "Dock.Avalonia": {
        "type": "Direct",
        "requested": "[12.1.0.6, )",
        "resolved": "12.1.0.6",
        "contentHash": "Y5kTyQtxKHXoUEQfSn9nxsUk+9shIavU/C6ub3Dxs/Sxz4VSlGuTdfRI4mGLO4MJwWetb96xKxhrtCzufg2NrQ==",
        "dependencies": {
          "Avalonia": "12.1.1",
          "Dock.Controls.DeferredContentControl": "12.1.0.6",
          "Dock.Controls.ProportionalStackPanel": "12.1.0.6",
          "Dock.Controls.Recycling": "12.1.0.6",
          "Dock.MarkupExtension": "12.1.0.6",
          "Dock.Model": "12.1.0.6",
          "Dock.Settings": "12.1.0.6"
        }
      },
      "Dock.Avalonia.Themes.Fluent": {
        "type": "Direct",
        "requested": "[12.1.0.6, )",
        "resolved": "12.1.0.6",
        "contentHash": "7HRdEiulxBAR2DVw8k1GlIdt4/jjYvpv6oc5ctxZVagl7ldaXIYBTubAueUMilJtzYygkHMMax41IAGtgYmx4Q==",
        "dependencies": {
          "Avalonia": "12.1.1",
          "Dock.Avalonia": "12.1.0.6"
        }
      },
      "Dock.Model.Mvvm": {
        "type": "Direct",
        "requested": "[12.1.0.6, )",
        "resolved": "12.1.0.6",
        "contentHash": "JEKzUjFeqXjFfKXTWBqb2DTtHmigcogVXYaKihUGc316NhJa8Qth+GLL+Pgl0AqqQr+zbVx8vmZearStH3vCfQ==",
        "dependencies": {
          "CommunityToolkit.Mvvm": "8.4.0",
          "Dock.Model": "12.1.0.6"
        }
      },
      "Iciclecreek.Avalonia.Terminal": {
        "type": "Direct",
        "requested": "[4.0.2, )",
        "resolved": "4.0.2",
        "contentHash": "QxznKEsVEmzPZ8WKDdwJQxic+FyGSEt4aQ0wDP+VNerZqqFrjypSvwa+rrx/8l8xV+hW0tiyUXZ7Tq7OP2QaYA==",
        "dependencies": {
          "Avalonia": "12.0.4",
          "Avalonia.Skia": "12.0.4",
          "Porta.Pty": "2.2.2",
          "SkiaSharp.HarfBuzz": "3.119.4",
          "Unicode.net": "2.0.0",
          "Wcwidth": "4.0.1",
          "XTerm.NET": "2.0.2"
        }
      },
      "Microsoft.Extensions.DependencyInjection": {
        "type": "Direct",
        "requested": "[10.0.12, )",
        "resolved": "10.0.12",
        "contentHash": "lXyK2O5GoYvfxW8eCFcD16JFbcoSTM1sJkAM0UHS1jZyl9NYMW64Tqm6OQFT0IDBjZi+xHt95/Zg+nxZhGFhZg==",
        "dependencies": {
          "Microsoft.Extensions.DependencyInjection.Abstractions": "10.0.12"
        }
      },
      "Acornima": {
        "type": "Transitive",
        "resolved": "1.7.0",
        "contentHash": "a2I4O4qkuAdB0oSaGz6/k0n/bXxMbGcLBra5dNTTVSLmTwM7uORA8ebpOrNMmDfFWOMwvuaRL6gPprRV4HTV0w=="
      },
      "Avalonia": {
        "type": "Transitive",
        "resolved": "12.1.2",
        "contentHash": "GHSe4qxjbqqxB570xuB4KtoD+Qhk3uKXJUXbelGYhGz/ti8xEoL7e5DGun8hcsXHondszPPBEdcC68szw7vUKg==",
        "dependencies": {
          "Avalonia.BuildServices": "11.3.2",
          "Avalonia.Remote.Protocol": "12.1.2",
          "MicroCom.Runtime": "0.11.6"
        }
      },
      "Avalonia.Angle.Windows.Natives": {
        "type": "Transitive",
        "resolved": "2.1.27548.20260419",
        "contentHash": "l17nI3XVDN3oMnpjf2pnmJg0YTwK4m6NLsn/itAjDMdObTFxN77D5F1M9sRMSfViSY3KKcse1ROczwgoWLJsnA=="
      },
      "Avalonia.BuildServices": {
        "type": "Transitive",
        "resolved": "11.3.2",
        "contentHash": "qHDToxto1e3hci5YqbG9n0Ty8mlp3zBUN5wT66wKqaDVzXyQ0do3EnRILd4Ke9jpvsktaPpgE0YjEk7hornryQ=="
      },
      "Avalonia.FreeDesktop": {
        "type": "Transitive",
        "resolved": "12.1.2",
        "contentHash": "RJqKF7djK/lyDBdj24+HKELGe+7I/86NIA57aeiod5k340svbcb9hs1RYkIF8Nga4Xa2Jd/Pzxpkmvdjb1ASiw==",
        "dependencies": {
          "Avalonia": "12.1.2",
          "Tmds.DBus.Protocol": "0.94.1"
        }
      },
      "Avalonia.FreeDesktop.AtSpi": {
        "type": "Transitive",
        "resolved": "12.1.2",
        "contentHash": "632PfHnqe7OkzStmDOW2ghXfCcTapGhT46HZGMMOIZFr+I0biyxUk7felBQwNzEk5LJ54y4VfIoiWKTgZK8FnA==",
        "dependencies": {
          "Avalonia": "12.1.2"
        }
      },
      "Avalonia.HarfBuzz": {
        "type": "Transitive",
        "resolved": "12.1.2",
        "contentHash": "CqYTMnOLuAXjGldTEMdEf5/ozMY1z5ZshpE4YF0i2s2o4ycsYq855BD/eQS0iBt5PbjtlJgk8njILrBwW0HteQ==",
        "dependencies": {
          "Avalonia": "12.1.2",
          "HarfBuzzSharp": "8.3.1.3",
          "HarfBuzzSharp.NativeAssets.Linux": "8.3.1.3",
          "HarfBuzzSharp.NativeAssets.WebAssembly": "8.3.1.3"
        }
      },
      "Avalonia.Native": {
        "type": "Transitive",
        "resolved": "12.1.2",
        "contentHash": "Co60A3FhDiCR022en90e/nUJqn2GtYal353cSUB0lWAd0qb/AuVRdScz9i0QCyglYw+PBfUXSP+9OfI2XvnfCg==",
        "dependencies": {
          "Avalonia": "12.1.2"
        }
      },
      "Avalonia.Remote.Protocol": {
        "type": "Transitive",
        "resolved": "12.1.2",
        "contentHash": "DdLTe9xKXxxfRcXmUw1trXZpBpz1YiZYWXx0DfMVPFAnkCszKsHLi67kaZfGJqtfQq2EySKd2qgRYX2QYkSxcg=="
      },
      "Avalonia.Skia": {
        "type": "Transitive",
        "resolved": "12.1.2",
        "contentHash": "x0TDDdZgNepbxRd6gSQyv3A/hHoVJk3kYqjRa1baI43XPGPuO87lArf4DRKAERgWUxUp1ad28aTvVsE3x0JM0g==",
        "dependencies": {
          "Avalonia": "12.1.2",
          "HarfBuzzSharp": "8.3.1.3",
          "HarfBuzzSharp.NativeAssets.Linux": "8.3.1.3",
          "HarfBuzzSharp.NativeAssets.WebAssembly": "8.3.1.3",
          "SkiaSharp": "3.119.4",
          "SkiaSharp.NativeAssets.Linux": "3.119.4",
          "SkiaSharp.NativeAssets.WebAssembly": "3.119.4"
        }
      },
      "Avalonia.Win32": {
        "type": "Transitive",
        "resolved": "12.1.2",
        "contentHash": "MjHc5aKNs7Hp/fiX13wTQ3pg+kG9lh+NfqSQGx6/SkfvdO1Hbmribk7Bt0pwFTxcJ6HGlzwGKp1Ur3Ib/tv0ew==",
        "dependencies": {
          "Avalonia": "12.1.2",
          "Avalonia.Angle.Windows.Natives": "2.1.27548.20260419"
        }
      },
      "Avalonia.X11": {
        "type": "Transitive",
        "resolved": "12.1.2",
        "contentHash": "wtCAY9k90yrvhzKmesDGGFxYHsgejmLaR7HY36A4VYJ+E1R8AguNZc3hFaVKywnQLpf/eLhAwQWUxoNVFu9h/w==",
        "dependencies": {
          "Avalonia": "12.1.2",
          "Avalonia.FreeDesktop": "12.1.2",
          "Avalonia.FreeDesktop.AtSpi": "12.1.2",
          "Avalonia.Skia": "12.1.2"
        }
      },
      "Dock.Controls.DeferredContentControl": {
        "type": "Transitive",
        "resolved": "12.1.0.6",
        "contentHash": "4wwHEYUg4TfUfJxCOjiV8BJINZfFVlSbmPmi9S+hCOR17ouqg65j1hD6oqj43R+bt4V8NVpsp64HKkadVo+lug==",
        "dependencies": {
          "Avalonia": "12.1.1"
        }
      },
      "Dock.Controls.ProportionalStackPanel": {
        "type": "Transitive",
        "resolved": "12.1.0.6",
        "contentHash": "poJrxZZlCZ7D+nv/eVgB7MyS36VWpDWOl07wmlBGPE2FVsimE8DiUTOlh0GwtOMkB785BN7/sMdp3JyHHMVq4w==",
        "dependencies": {
          "Avalonia": "12.1.1"
        }
      },
      "Dock.Controls.Recycling": {
        "type": "Transitive",
        "resolved": "12.1.0.6",
        "contentHash": "I6xRruBunK7UOZuCfk8hPh5F0dGhAOTtFk8UDCtYX3223ETdiDqcJk9cvrMdWmPQl3FfdqeZjgkywPeSWFh9UA==",
        "dependencies": {
          "Avalonia": "12.1.1",
          "Dock.Controls.Recycling.Model": "12.1.0.6"
        }
      },
      "Dock.Controls.Recycling.Model": {
        "type": "Transitive",
        "resolved": "12.1.0.6",
        "contentHash": "aUSZtGzyhR8LQFBnZkwvzy8MCt2KGcntR6ei0Gn1e4b38NRAxkbyI9GasGOPsv0H1CJJRSmDCuqjQ1bGjdYNqg=="
      },
      "Dock.MarkupExtension": {
        "type": "Transitive",
        "resolved": "12.1.0.6",
        "contentHash": "MQ0VCKT37hrCH8Fan8/eXttKtrYA0DKN0z1Du2+529p3mbBk2iTNz9s4PHXWFBfBj3JG+yMsXcxU9mje9butAg==",
        "dependencies": {
          "Avalonia": "12.1.1"
        }
      },
      "Dock.Model": {
        "type": "Transitive",
        "resolved": "12.1.0.6",
        "contentHash": "eyptYTadJbhdGnT/9qkbTquFZpPBiRcr6yJvzMv5tLQB56JgbUlVAR1816ILuSeyN8wGPPW3im8g3gdGCp0lIA==",
        "dependencies": {
          "Dock.Controls.Recycling.Model": "12.1.0.6"
        }
      },
      "Dock.Settings": {
        "type": "Transitive",
        "resolved": "12.1.0.6",
        "contentHash": "n3fBTNxeCt+t0v62OdhiE9CTBeqR/5y6MBfJ/ma9rSw2PXHLf1NFzodq38mX4HKm1sF8JaX4Y8YZw8IqaxUDBw==",
        "dependencies": {
          "Avalonia": "12.1.1",
          "Dock.Model": "12.1.0.6"
        }
      },
      "Google.Protobuf": {
        "type": "Transitive",
        "resolved": "3.30.2",
        "contentHash": "Y2aOVLIt75yeeEWigg9V9YnjsEm53sADtLGq0gLhwaXpk3iu8tYSoauolyhenagA2sWno2TQ2WujI0HQd6s1Vw=="
      },
      "HarfBuzzSharp": {
        "type": "Transitive",
        "resolved": "8.3.1.5",
        "contentHash": "K0+U7592Ne10BCuHZrZYIbaYUQy20CsYM9A3+Xjz3UpLPjs6nosbQtDYp2PueWJ7AQ5/htbyO8WqnUe+uf8AAQ==",
        "dependencies": {
          "HarfBuzzSharp.NativeAssets.Win32": "8.3.1.5",
          "HarfBuzzSharp.NativeAssets.macOS": "8.3.1.5"
        }
      },
      "HarfBuzzSharp.NativeAssets.Linux": {
        "type": "Transitive",
        "resolved": "8.3.1.3",
        "contentHash": "RI6A1LgmooU30+4QIyFt5rmBCzP0VzTR+587IJSGvYIsHHWlahFufihYxtraLfsIhW7I8dn6+xX+DZGygOPKWQ=="
      },
      "HarfBuzzSharp.NativeAssets.macOS": {
        "type": "Transitive",
        "resolved": "8.3.1.5",
        "contentHash": "TWSbMOIBiGvCTnR2MUlmhnP92L7qwYmpDXSNOkYQUh6Iuc7W7Y3z/Q+X3N6scvbZbDmfbZjqbNUqDEz/JzpwBg=="
      },
      "HarfBuzzSharp.NativeAssets.WebAssembly": {
        "type": "Transitive",
        "resolved": "8.3.1.3",
        "contentHash": "w2QfdNm9Uz/sUa0B5D+OnVQhyq3G/fBq6ibQMdWBlQqqwh0g0/5j3RFvYqZAmRZ5+RzvjVe8o8SFFnWYUSkuxA=="
      },
      "HarfBuzzSharp.NativeAssets.Win32": {
        "type": "Transitive",
        "resolved": "8.3.1.5",
        "contentHash": "p95FW4SwP50qD4cq6e2/P5DP7As6c6aQU5qHvsdCKorX5GFLHUMIx/zQgiLvB871xQrhdN24sZyMbCufnTHvsQ=="
      },
      "Jint": {
        "type": "Transitive",
        "resolved": "4.16.2",
        "contentHash": "/sN+uRO1bUOgp490lM5+K40buKqpghO3E9sV1hNxf2Kg+3bS7MqDtosa6vixFBnFQGIaYnByFwQ6Fft/IEr4WA==",
        "dependencies": {
          "Acornima": "1.7.0"
        }
      },
      "MicroCom.Runtime": {
        "type": "Transitive",
        "resolved": "0.11.6",
        "contentHash": "NdNWGDiZ6eS/Mf/9+QHR91cj1K7Hy+PX9yrHI/zM7xFYuj9IWT2uxtB6sCHjrnxAeLV9fut1R6zHDUGKX6f9lQ=="
      },
      "Microsoft.Data.Sqlite": {
        "type": "Transitive",
        "resolved": "10.0.12",
        "contentHash": "xUq9xUc653ue7ac2rMfCaf8UQN+U3zS8poWYlugycpvJllplMM0Mk7v/+MM0CTlu9zGvbGML4BPH8YWhrUOfGw==",
        "dependencies": {
          "Microsoft.Data.Sqlite.Core": "10.0.12",
          "SQLitePCLRaw.bundle_e_sqlite3": "2.1.12",
          "SQLitePCLRaw.core": "2.1.12"
        }
      },
      "Microsoft.Data.Sqlite.Core": {
        "type": "Transitive",
        "resolved": "10.0.12",
        "contentHash": "2aL9eL5HQr0V4b8V909SD+jQAx6qnTTl7sT/v3D8dIvmr2UGdpZIQxqm1pj2Js3e4EYTvpw0oMH7DjapJJuPPw==",
        "dependencies": {
          "SQLitePCLRaw.core": "2.1.12"
        }
      },
      "Microsoft.Extensions.DependencyInjection.Abstractions": {
        "type": "Transitive",
        "resolved": "10.0.12",
        "contentHash": "9/qymSh7hVDMGTGwrLz8MRp5zRyXy9adGDOs4HwRdnLil3oZGYuWeZjbmHgCQ9BL1qBroVfgUK3U/nb61617Cw=="
      },
      "Microsoft.ML.OnnxRuntime": {
        "type": "Transitive",
        "resolved": "1.30.0",
        "contentHash": "RaF3KjPXB/IbNvvrcQtrxS/NZjB9dEHnZQTsdJCLP5Fnn1Jj3LomeqR1mMAoRFKinJ0pIe85PLhLlfGBYqzgWA==",
        "dependencies": {
          "Microsoft.ML.OnnxRuntime.Managed": "1.30.0"
        }
      },
      "Microsoft.ML.OnnxRuntime.Managed": {
        "type": "Transitive",
        "resolved": "1.30.0",
        "contentHash": "KHW+vp+i4Mdf6RhIsMvurTVepafXHjg8/VQ0o6sa2wEK0KzV/4iEoRTUvsymcRP+XPAM/r6kZCaTADdV6Xn4RA==",
        "dependencies": {
          "System.Numerics.Tensors": "9.0.0"
        }
      },
      "Microsoft.ML.Tokenizers": {
        "type": "Transitive",
        "resolved": "2.0.0",
        "contentHash": "+b8lT4cLLO/sBR2hjvE/qG6qrZG15h7/PBvnIrzTh4xDaAxdHUY6449rC+1pHzQUsBiCHZVbj+VMn+xS0sL7TA==",
        "dependencies": {
          "Google.Protobuf": "3.30.2"
        }
      },
      "Microsoft.Windows.Console.ConPTY": {
        "type": "Transitive",
        "resolved": "1.24.260710001",
        "contentHash": "JR1xAkZbNnAALBjzFpqSwEx7YZfD1LI228jF9j9cgKknBPCiFy9mpphlgH+TpTN8vajTUpcgg9Miy5Y8eUAH9g=="
      },
      "Porta.Pty": {
        "type": "Transitive",
        "resolved": "2.2.2",
        "contentHash": "wpKiHa3GOhgLpnu3bMAVJdAV+1Sek5bIgmuJrC04nl20T2VWBvoIq2+6aSOSora5pSRI9udo77F5IKLMcrk0rA==",
        "dependencies": {
          "Microsoft.Windows.Console.ConPTY": "1.24.260710001"
        }
      },
      "SkiaSharp": {
        "type": "Transitive",
        "resolved": "3.119.4",
        "contentHash": "53NOSUZ1Us+91Sm0uCkIivh/k7jOowRErZT2sIWwPFN9mLUvdxnE6rS4sWo4255+Rd2MWUSF+j0NMZHD6Cke+Q==",
        "dependencies": {
          "SkiaSharp.NativeAssets.Win32": "3.119.4",
          "SkiaSharp.NativeAssets.macOS": "3.119.4"
        }
      },
      "SkiaSharp.HarfBuzz": {
        "type": "Transitive",
        "resolved": "3.119.4",
        "contentHash": "YkN+X5fW9hXFlkoYaxDfYHuSE7SzIHlYMdWarmk03WOad1Rur8zJqGp1dkYp69FGpFxBVgnd/euiJnDPfr3WZQ==",
        "dependencies": {
          "HarfBuzzSharp": "8.3.1.5",
          "SkiaSharp": "3.119.4"
        }
      },
      "SkiaSharp.NativeAssets.Linux": {
        "type": "Transitive",
        "resolved": "3.119.4",
        "contentHash": "UAyVzbqNfZsZbKbzj68zXLyUyF/SbTKmzTfOO6qDu++dtIUMMTzPBe8oOuzU/DiewpfKoUUlOSsJmqWc6blxBw=="
      },
      "SkiaSharp.NativeAssets.macOS": {
        "type": "Transitive",
        "resolved": "3.119.4",
        "contentHash": "fgBOWEqbY012x7gMfJU4ezgz6dfhJb30Z6YdW35h85Zoe39+a8YNbAAwL29ihPfWoppg5AjvyKNzD1oCvlqWwA=="
      },
      "SkiaSharp.NativeAssets.WebAssembly": {
        "type": "Transitive",
        "resolved": "3.119.4",
        "contentHash": "S1HOxtBbD4bYDtA2e9WH5TX+lxqRrTPvKjrjttRhxnHNNu7YY8VFo/LeCP7tNqoTA6PV+8vsvNbmRUEC2ip8RQ=="
      },
      "SkiaSharp.NativeAssets.Win32": {
        "type": "Transitive",
        "resolved": "3.119.4",
        "contentHash": "XOpbx/4CReO2wYsq2s6rbvdauc6dntG4Zv499sHGTJ87bwZaFXszFkwql3+FIZMc8kUPeaj3Mx2ezIJmo8a1Kg=="
      },
      "SQLitePCLRaw.bundle_e_sqlite3": {
        "type": "Transitive",
        "resolved": "2.1.12",
        "contentHash": "mAgscpQMLw5/nfA1Q5oJVAT29yROUo1ifZGbbTpx/lwZpSxMUGoYbKfmvdm8oXER+RzxqBmmQzeBEVKfeHv2nw==",
        "dependencies": {
          "SQLitePCLRaw.lib.e_sqlite3": "2.1.12",
          "SQLitePCLRaw.provider.e_sqlite3": "2.1.12"
        }
      },
      "SQLitePCLRaw.core": {
        "type": "Transitive",
        "resolved": "2.1.12",
        "contentHash": "ETpNw9DY3ckWLgRRAeCHj+GKOuPi61aeczkXhgHexUvqoZBAYg8RYESE2J7O1M7+o6QbdSEZwrw9bfqztUVWXg=="
      },
      "SQLitePCLRaw.lib.e_sqlite3": {
        "type": "Transitive",
        "resolved": "2.1.12",
        "contentHash": "fWi8Dbknuhgg72fWinIdjXVaqO1hHL4YBBwVLnr7e1c9TAZwJ0QE38j9syW1hwx6HaqEVTwI+O07WPdZn8Rp0w=="
      },
      "SQLitePCLRaw.provider.e_sqlite3": {
        "type": "Transitive",
        "resolved": "2.1.12",
        "contentHash": "W3oH4XIfCzFrgUSDKHhN6N+dgzA5YHOR2VxX8GB6Qy7CyrJJgxPEG8NirgYWlPQC5P2jz2knSsexWu4tDUL33g==",
        "dependencies": {
          "SQLitePCLRaw.core": "2.1.12"
        }
      },
      "System.Numerics.Tensors": {
        "type": "Transitive",
        "resolved": "9.0.0",
        "contentHash": "hyJB4UlpAi19Xr9AXzu2NuagKC4lPfHObNMEAA0HmqFz2rX7wKgzeYzO/jM/eBHDhnUGFFEjk5cOoJaxqg5J4A=="
      },
      "Tmds.DBus.Protocol": {
        "type": "Transitive",
        "resolved": "0.94.1",
        "contentHash": "11YMr7FnAbL83bQmVxlhbIKHvSLxjO81D12Ej0QMSGXMDTxNA9MTOa4MQxx43nv5el/efuPHwzyrj6a5ha2gug=="
      },
      "Unicode.net": {
        "type": "Transitive",
        "resolved": "2.0.0",
        "contentHash": "fGf8GapJphDqeqGLp6uwSM/KQ2Sm2Y+KtMcFV0zh/C8eUWaBtIRFPH+FYAokBtgxGLpaCVCLsjQCymPMl4Z1EA=="
      },
      "Wcwidth": {
        "type": "Transitive",
        "resolved": "4.0.1",
        "contentHash": "PMU8u3pGf9nUkee39KMrB8qqId7u7kyGWaZpOh9E4Mal3xChq+relS/hHQOicGAswyzi7F5DjXjac0mTnRBX8Q=="
      },
      "XTerm.NET": {
        "type": "Transitive",
        "resolved": "2.0.2",
        "contentHash": "EDlstaLBZq7LQPKbxEzArgcxGyj0NHqHLrNHtu3hkMHbytuFfmSoXndl/+9xx5I8oLVr0aRn6uoEA2MNTo7fVw=="
      },
      "wandur.core": {
        "type": "Project",
        "dependencies": {
          "Jint": "[4.16.2, )",
          "Microsoft.Data.Sqlite": "[10.0.12, )",
          "Microsoft.ML.OnnxRuntime": "[1.30.0, )",
          "Microsoft.ML.Tokenizers": "[2.0.0, )",
          "Wandur.Models": "[0.1.0, )",
          "Wandur.Protocol": "[0.1.0, )"
        }
      },
      "wandur.models": {
        "type": "Project"
      },
      "wandur.protocol": {
        "type": "Project"
      }
    }
  }
}